
Microsoft Visual Studio Solution File, Format Version 12.00
# Visual Studio Version 17
VisualStudioVersion = 17.4.33205.214
MinimumVisualStudioVersion = 10.0.40219.1
Project("{FAE04EC0-301F-11D3-BF4B-00C04F79EFBC}") = "GShadeVerCheck", "GShadeVerCheck.csproj", "{1EC21DC6-C760-458E-B104-0AE76EDF1A9A}"
EndProject
Global
	GlobalSection(SolutionConfigurationPlatforms) = preSolution
		Debug|Any CPU = Debug|Any CPU
		Release|Any CPU = Release|Any CPU
	EndGlobalSection
	GlobalSection(ProjectConfigurationPlatforms) = postSolution
		{1EC21DC6-C760-458E-B104-0AE76EDF1A9A}.Debug|Any CPU.ActiveCfg = Debug|Any CPU
		{1EC21DC6-C760-458E-B104-0AE76EDF1A9A}.Debug|Any CPU.Build.0 = Debug|Any CPU
		{1EC21DC6-C760-458E-B104-0AE76EDF1A9A}.Release|Any CPU.ActiveCfg = Release|Any CPU
		{1EC21DC6-C760-458E-B104-0AE76EDF1A9A}.Release|Any CPU.Build.0 = Release|Any CPU
	EndGlobalSection
	GlobalSection(SolutionProperties) = preSolution
		HideSolutionNode = FALSE
	EndGlobalSection
	GlobalSection(ExtensibilityGlobals) = postSolution
		SolutionGuid = {1262AA82-C57F-44C7-A04A-AE039B506580}
	EndGlobalSection
EndGlobal
